
Microsoft Visual Studio Solution File, Format Version 12.00
# Visual Studio Version 16
VisualStudioVersion = 16.0.31005.135
MinimumVisualStudioVersion = 10.0.40219.1
Project("{FAE04EC0-301F-11D3-BF4B-00C04F79EFBC}") = "ChannelEngineAssessment", "ChannelEngineAssessment\ChannelEngineAssessment.csproj", "{C7687BA7-8AEC-4964-9897-80A7CDDFC7A5}"
EndProject
Project("{FAE04EC0-301F-11D3-BF4B-00C04F79EFBC}") = "ChannelEngineAssessmentConsole", "ChannelEngineAssessmentConsoleEndpoint\ChannelEngineAssessmentConsole.csproj", "{99CC6BD3-C44E-40DE-8C6F-2BF8C11C0A3B}"
EndProject
Project("{FAE04EC0-301F-11D3-BF4B-00C04F79EFBC}") = "ChannelEngineAssessmentLogic", "ChannelEngineAssessmentLogic\ChannelEngineAssessmentLogic.csproj", "{1747D9D3-7665-4802-A5EF-44034C8A7E10}"
EndProject
Project("{FAE04EC0-301F-11D3-BF4B-00C04F79EFBC}") = "ChannelEngineAssessmentTest", "ChannelEngineAssessmentTest\ChannelEngineAssessmentTest.csproj", "{9E1CBD17-DF25-4004-AAD7-731ED34C25D9}"
EndProject
Global
	GlobalSection(SolutionConfigurationPlatforms) = preSolution
		Debug|Any CPU = Debug|Any CPU
		Release|Any CPU = Release|Any CPU
	EndGlobalSection
	GlobalSection(ProjectConfigurationPlatforms) = postSolution
		{C7687BA7-8AEC-4964-9897-80A7CDDFC7A5}.Debug|Any CPU.ActiveCfg = Debug|Any CPU
		{C7687BA7-8AEC-4964-9897-80A7CDDFC7A5}.Debug|Any CPU.Build.0 = Debug|Any CPU
		{C7687BA7-8AEC-4964-9897-80A7CDDFC7A5}.Release|Any CPU.ActiveCfg = Release|Any CPU
		{C7687BA7-8AEC-4964-9897-80A7CDDFC7A5}.Release|Any CPU.Build.0 = Release|Any CPU
		{99CC6BD3-C44E-40DE-8C6F-2BF8C11C0A3B}.Debug|Any CPU.ActiveCfg = Debug|Any CPU
		{99CC6BD3-C44E-40DE-8C6F-2BF8C11C0A3B}.Debug|Any CPU.Build.0 = Debug|Any CPU
		{99CC6BD3-C44E-40DE-8C6F-2BF8C11C0A3B}.Release|Any CPU.ActiveCfg = Release|Any CPU
		{99CC6BD3-C44E-40DE-8C6F-2BF8C11C0A3B}.Release|Any CPU.Build.0 = Release|Any CPU
		{1747D9D3-7665-4802-A5EF-44034C8A7E10}.Debug|Any CPU.ActiveCfg = Debug|Any CPU
		{1747D9D3-7665-4802-A5EF-44034C8A7E10}.Debug|Any CPU.Build.0 = Debug|Any CPU
		{1747D9D3-7665-4802-A5EF-44034C8A7E10}.Release|Any CPU.ActiveCfg = Release|Any CPU
		{1747D9D3-7665-4802-A5EF-44034C8A7E10}.Release|Any CPU.Build.0 = Release|Any CPU
		{9E1CBD17-DF25-4004-AAD7-731ED34C25D9}.Debug|Any CPU.ActiveCfg = Debug|Any CPU
		{9E1CBD17-DF25-4004-AAD7-731ED34C25D9}.Debug|Any CPU.Build.0 = Debug|Any CPU
		{9E1CBD17-DF25-4004-AAD7-731ED34C25D9}.Release|Any CPU.ActiveCfg = Release|Any CPU
		{9E1CBD17-DF25-4004-AAD7-731ED34C25D9}.Release|Any CPU.Build.0 = Release|Any CPU
	EndGlobalSection
	GlobalSection(SolutionProperties) = preSolution
		HideSolutionNode = FALSE
	EndGlobalSection
	GlobalSection(ExtensibilityGlobals) = postSolution
		SolutionGuid = {9F9D4C7A-ADA4-467E-8831-334CB8C050F8}
	EndGlobalSection
EndGlobal
